
Microsoft Visual Studio Solution File, Format Version 12.00
# Visual Studio Version 17
VisualStudioVersion = 17.10.35013.160
MinimumVisualStudioVersion = 10.0.40219.1
Project("{FAE04EC0-301F-11D3-BF4B-00C04F79EFBC}") = "final", "final.csproj", "{1028C241-6C39-46DF-8EB4-27D9279BAA54}"
EndProject
Global
	GlobalSection(SolutionConfigurationPlatforms) = preSolution
		Debug|Any CPU = Debug|Any CPU
		Release|Any CPU = Release|Any CPU
	EndGlobalSection
	GlobalSection(ProjectConfigurationPlatforms) = postSolution
		{1028C241-6C39-46DF-8EB4-27D9279BAA54}.Debug|Any CPU.ActiveCfg = Debug|Any CPU
		{1028C241-6C39-46DF-8EB4-27D9279BAA54}.Debug|Any CPU.Build.0 = Debug|Any CPU
		{1028C241-6C39-46DF-8EB4-27D9279BAA54}.Release|Any CPU.ActiveCfg = Release|Any CPU
		{1028C241-6C39-46DF-8EB4-27D9279BAA54}.Release|Any CPU.Build.0 = Release|Any CPU
	EndGlobalSection
	GlobalSection(SolutionProperties) = preSolution
		HideSolutionNode = FALSE
	EndGlobalSection
	GlobalSection(ExtensibilityGlobals) = postSolution
		SolutionGuid = {7C1F3E94-8D45-4190-A3FD-43D4C2DB618A}
	EndGlobalSection
EndGlobal
